<?xml version="1.0" encoding="utf-8"?>
<Project ToolsVersion="4.0" xmlns="http://schemas.microsoft.com/developer/msbuild/2003">
  <ItemGroup>
    <Filter Include="Source">
      <UniqueIdentifier>{f7e721fc-6db1-47cc-9f9f-79665dba5196}</UniqueIdentifier>
    </Filter>
    <Filter Include="Source\SceneFile">
      <UniqueIdentifier>{73757689-0e07-4326-a45f-0b2cb3d29ecd}</UniqueIdentifier>
    </Filter>
    <Filter Include="Source\ObjectFile">
      <UniqueIdentifier>{a0245b37-a2ce-4150-8110-00c5fc2a4cbf}</UniqueIdentifier>
    </Filter>
    <Filter Include="Source\InputFile">
      <UniqueIdentifier>{a4d6de3f-01e4-48e3-843d-2b4c0c941974}</UniqueIdentifier>
    </Filter>
    <Filter Include="Source\CollisionFile">
      <UniqueIdentifier>{69aa86de-22ce-4300-a7eb-75c2a09141d8}</UniqueIdentifier>
    </Filter>
    <Filter Include="Source\MapFile">
      <UniqueIdentifier>{f7debd2b-adde-4d61-9fa1-0933d98dedb9}</UniqueIdentifier>
    </Filter>
  </ItemGroup>
  <ItemGroup>
    <ClInclude Include="Source\SceneFile\SceneManager.h">
      <Filter>Source\SceneFile</Filter>
    </ClInclude>
    <ClInclude Include="Source\Common.h">
      <Filter>Source</Filter>
    </ClInclude>
    <ClInclude Include="Source\SceneFile\SceneBase.h">
      <Filter>Source\SceneFile</Filter>
    </ClInclude>
    <ClInclude Include="Source\ObjectFile\ObjectBase.h">
      <Filter>Source\ObjectFile</Filter>
    </ClInclude>
    <ClInclude Include="Source\ObjectFile\Player.h">
      <Filter>Source\ObjectFile</Filter>
    </ClInclude>
    <ClInclude Include="Source\ObjectFile\ObjectManager.h">
      <Filter>Source\ObjectFile</Filter>
    </ClInclude>
    <ClInclude Include="Source\ObjectFile\ObjectFactory.h">
      <Filter>Source\ObjectFile</Filter>
    </ClInclude>
    <ClInclude Include="Source\ObjectFile\Floor.h">
      <Filter>Source\ObjectFile</Filter>
    </ClInclude>
    <ClInclude Include="Source\ObjectFile\ModelManager.h">
      <Filter>Source\ObjectFile</Filter>
    </ClInclude>
    <ClInclude Include="Source\InputFile\Mouse.h">
      <Filter>Source\InputFile</Filter>
    </ClInclude>
    <ClInclude Include="Source\SceneFile\TitleScene.h">
      <Filter>Source\SceneFile</Filter>
    </ClInclude>
    <ClInclude Include="Source\SceneFile\TestScene.h">
      <Filter>Source\SceneFile</Filter>
    </ClInclude>
    <ClInclude Include="Source\Camera.h">
      <Filter>Source</Filter>
    </ClInclude>
    <ClInclude Include="Source\SceneFile\SceneFactory.h">
      <Filter>Source\SceneFile</Filter>
    </ClInclude>
    <ClInclude Include="Source\ObjectFile\TargetObject.h">
      <Filter>Source\ObjectFile</Filter>
    </ClInclude>
    <ClInclude Include="Source\ObjectFile\Barrel.h">
      <Filter>Source\ObjectFile</Filter>
    </ClInclude>
    <ClInclude Include="Source\Matrix.h">
      <Filter>Source</Filter>
    </ClInclude>
    <ClInclude Include="Source\Quaternion.h">
      <Filter>Source</Filter>
    </ClInclude>
    <ClInclude Include="Source\Vector.h">
      <Filter>Source</Filter>
    </ClInclude>
    <ClInclude Include="Source\CollisionFile\CollisionManager.h">
      <Filter>Source\CollisionFile</Filter>
    </ClInclude>
    <ClInclude Include="Source\CollisionFile\FloorCollision.h">
      <Filter>Source\CollisionFile</Filter>
    </ClInclude>
    <ClInclude Include="Source\SceneFile\MainScene.h">
      <Filter>Source\SceneFile</Filter>
    </ClInclude>
    <ClInclude Include="Source\MapFile\MapManager.h">
      <Filter>Source\MapFile</Filter>
    </ClInclude>
    <ClInclude Include="Source\ObjectFile\Wall.h">
      <Filter>Source\ObjectFile</Filter>
    </ClInclude>
    <ClInclude Include="Source\ObjectFile\WallDoor.h">
      <Filter>Source\ObjectFile</Filter>
    </ClInclude>
    <ClInclude Include="Source\ObjectFile\Door.h">
      <Filter>Source\ObjectFile</Filter>
    </ClInclude>
    <ClInclude Include="Source\ObjectFile\Arch.h">
      <Filter>Source\ObjectFile</Filter>
    </ClInclude>
  </ItemGroup>
  <ItemGroup>
    <ClCompile Include="Source\ObjectFile\Player.cpp">
      <Filter>Source\ObjectFile</Filter>
    </ClCompile>
    <ClCompile Include="Main.cpp">
      <Filter>Source</Filter>
    </ClCompile>
    <ClCompile Include="Source\ObjectFile\TargetObject.cpp">
      <Filter>Source\ObjectFile</Filter>
    </ClCompile>
    <ClCompile Include="Source\ObjectFile\Floor.cpp">
      <Filter>Source\ObjectFile</Filter>
    </ClCompile>
    <ClCompile Include="Source\ObjectFile\ModelManager.cpp">
      <Filter>Source\ObjectFile</Filter>
    </ClCompile>
    <ClCompile Include="Source\InputFile\Mouse.cpp">
      <Filter>Source\InputFile</Filter>
    </ClCompile>
    <ClCompile Include="Source\SceneFile\SceneManager.cpp">
      <Filter>Source\SceneFile</Filter>
    </ClCompile>
    <ClCompile Include="Source\Camera.cpp">
      <Filter>Source</Filter>
    </ClCompile>
    <ClCompile Include="Source\ObjectFile\ObjectManager.cpp">
      <Filter>Source\ObjectFile</Filter>
    </ClCompile>
    <ClCompile Include="Source\SceneFile\SceneFactory.cpp">
      <Filter>Source\SceneFile</Filter>
    </ClCompile>
    <ClCompile Include="Source\SceneFile\TestScene.cpp">
      <Filter>Source\SceneFile</Filter>
    </ClCompile>
    <ClCompile Include="Source\ObjectFile\Barrel.cpp">
      <Filter>Source\ObjectFile</Filter>
    </ClCompile>
    <ClCompile Include="Source\CollisionFile\CollisionManager.cpp">
      <Filter>Source\CollisionFile</Filter>
    </ClCompile>
    <ClCompile Include="Source\SceneFile\MainScene.cpp">
      <Filter>Source\SceneFile</Filter>
    </ClCompile>
  </ItemGroup>
</Project>